
Microsoft Visual Studio Solution File, Format Version 11.00
# Visual Studio 2010
Project("{8BC9CEB8-8B4A-11D0-8D11-00A0C91BC942}") = "dmf2pce", "dmf2pce.vcxproj", "{A8CB3789-F891-4F4E-9F13-6F8DB39C0A74}"
EndProject
Global
	GlobalSection(SolutionConfigurationPlatforms) = preSolution
		Debug|Win32 = Debug|Win32
		Release|Win32 = Release|Win32
	EndGlobalSection
	GlobalSection(ProjectConfigurationPlatforms) = postSolution
		{A8CB3789-F891-4F4E-9F13-6F8DB39C0A74}.Debug|Win32.ActiveCfg = Debug|Win32
		{A8CB3789-F891-4F4E-9F13-6F8DB39C0A74}.Debug|Win32.Build.0 = Debug|Win32
		{A8CB3789-F891-4F4E-9F13-6F8DB39C0A74}.Release|Win32.ActiveCfg = Release|Win32
		{A8CB3789-F891-4F4E-9F13-6F8DB39C0A74}.Release|Win32.Build.0 = Release|Win32
	EndGlobalSection
	GlobalSection(SolutionProperties) = preSolution
		HideSolutionNode = FALSE
	EndGlobalSection
EndGlobal
